// !$*UTF8*$!
{
	archiveVersion = 1;
	classes = {
	};
	objectVersion = 77;
	objects = {

/* Begin PBXContainerItemProxy section */
		D0EB51A92F93E2EF000C1F22 /* PBXContainerItemProxy */ = {
			isa = PBXContainerItemProxy;
			containerPortal = D0EB51932F93E2EE000C1F22 /* Project object */;
			proxyType = 1;
			remoteGlobalIDString = D0EB519A2F93E2EF000C1F22;
			remoteInfo = Maply;
		};
		D0EB51B32F93E2EF000C1F22 /* PBXContainerItemProxy */ = {
			isa = PBXContainerItemProxy;
			containerPortal = D0EB51932F93E2EE000C1F22 /* Project object */;
			proxyType = 1;
			remoteGlobalIDString = D0EB519A2F93E2EF000C1F22;
			remoteInfo = Maply;
		};
/* End PBXContainerItemProxy section */

/* Begin PBXFileReference section */
		D0EB519B2F93E2EF000C1F22 /* Maply.app */ = {isa = PBXFileReference; explicitFileType = wrapper.application; includeInIndex = 0; path = Maply.app; sourceTree = BUILT_PRODUCTS_DIR; };
		D0EB51A82F93E2EF000C1F22 /* MaplyTests.xctest */ = {isa = PBXFileReference; explicitFileType = wrapper.cfbundle; includeInIndex = 0; path = MaplyTests.xctest; sourceTree = BUILT_PRODUCTS_DIR; };
		D0EB51B22F93E2EF000C1F22 /* MaplyUITests.xctest */ = {isa = PBXFileReference; explicitFileType = wrapper.cfbundle; includeInIndex = 0; path = MaplyUITests.xctest; sourceTree = BUILT_PRODUCTS_DIR; };
/* End PBXFileReference section */

/* Begin PBXFileSystemSynchronizedRootGroup section */
		D0EB51AB2F93E2EF000C1F22 /* MaplyTests */ = {
			isa = PBXFileSystemSynchronizedRootGroup;
			path = MaplyTests;
			sourceTree = "<group>";
		};
		D0EB51B52F93E2EF000C1F22 /* MaplyUITests */ = {
			isa = PBXFileSystemSynchronizedRootGroup;
			path = MaplyUITests;
			sourceTree = "<group>";
		};
		D0EB51C52F93E476000C1F22 /* App */ = {
			isa = PBXFileSystemSynchronizedRootGroup;
			path = App;
			sourceTree = "<group>";
		};
		D0EB51C62F93E494000C1F22 /* Models */ = {
			isa = PBXFileSystemSynchronizedRootGroup;
			path = Models;
			sourceTree = "<group>";
		};
		D0EB51C72F93E4A6000C1F22 /* Views */ = {
			isa = PBXFileSystemSynchronizedRootGroup;
			path = Views;
			sourceTree = "<group>";
		};
		D0EB51C82F93E4BE000C1F22 /* ViewModels */ = {
			isa = PBXFileSystemSynchronizedRootGroup;
			path = ViewModels;
			sourceTree = "<group>";
		};
		D0EB51C92F93E4CC000C1F22 /* Services */ = {
			isa = PBXFileSystemSynchronizedRootGroup;
			path = Services;
			sourceTree = "<group>";
		};
		D0EB51CA2F93E4DA000C1F22 /* Repositories */ = {
			isa = PBXFileSystemSynchronizedRootGroup;
			path = Repositories;
			sourceTree = "<group>";
		};
		D0EB51CB2F93E4E7000C1F22 /* Utils */ = {
			isa = PBXFileSystemSynchronizedRootGroup;
			path = Utils;
			sourceTree = "<group>";
		};
		D0EB51CC2F93E4F2000C1F22 /* Resources */ = {
			isa = PBXFileSystemSynchronizedRootGroup;
			path = Resources;
			sourceTree = "<group>";
		};
/* End PBXFileSystemSynchronizedRootGroup section */

/* Begin PBXFrameworksBuildPhase section */
		D0EB51982F93E2EF000C1F22 /* Frameworks */ = {
			isa = PBXFrameworksBuildPhase;
			buildActionMask = 2147483647;
			files = (
			);
			runOnlyForDeploymentPostprocessing = 0;
		};
		D0EB51A52F93E2EF000C1F22 /* Frameworks */ = {
			isa = PBXFrameworksBuildPhase;
			buildActionMask = 2147483647;
			files = (
			);
			runOnlyForDeploymentPostprocessing = 0;
		};
		D0EB51AF2F93E2EF000C1F22 /* Frameworks */ = {
			isa = PBXFrameworksBuildPhase;
			buildActionMask = 2147483647;
			files = (
			);
			runOnlyForDeploymentPostprocessing = 0;
		};
/* End PBXFrameworksBuildPhase section */

/* Begin PBXGroup section */
		D0EB51922F93E2EE000C1F22 = {
			isa = PBXGroup;
			children = (
				D0EB51C52F93E476000C1F22 /* App */,
				D0EB51AB2F93E2EF000C1F22 /* MaplyTests */,
				D0EB51B52F93E2EF000C1F22 /* MaplyUITests */,
				D0EB51C62F93E494000C1F22 /* Models */,
				D0EB519C2F93E2EF000C1F22 /* Products */,
				D0EB51CA2F93E4DA000C1F22 /* Repositories */,
				D0EB51CC2F93E4F2000C1F22 /* Resources */,
				D0EB51C92F93E4CC000C1F22 /* Services */,
				D0EB51CB2F93E4E7000C1F22 /* Utils */,
				D0EB51C82F93E4BE000C1F22 /* ViewModels */,
				D0EB51C72F93E4A6000C1F22 /* Views */,
			);
			sourceTree = "<group>";
		};
		D0EB519C2F93E2EF000C1F22 /* Products */ = {
			isa = PBXGroup;
			children = (
				D0EB519B2F93E2EF000C1F22 /* Maply.app */,
				D0EB51A82F93E2EF000C1F22 /* MaplyTests.xctest */,
				D0EB51B22F93E2EF000C1F22 /* MaplyUITests.xctest */,
			);
			name = Products;
			sourceTree = "<group>";
		};
/* End PBXGroup section */

/* Begin PBXNativeTarget section */
		D0EB519A2F93E2EF000C1F22 /* Maply */ = {
			isa = PBXNativeTarget;
			buildConfigurationList = D0EB51BC2F93E2EF000C1F22 /* Build configuration list for PBXNativeTarget "Maply" */;
			buildPhases = (
				D0EB51972F93E2EF000C1F22 /* Sources */,
				D0EB51982F93E2EF000C1F22 /* Frameworks */,
				D0EB51992F93E2EF000C1F22 /* Resources */,
			);
			buildRules = (
			);
			dependencies = (
			);
			fileSystemSynchronizedGroups = (
				D0EB51C52F93E476000C1F22 /* App */,
				D0EB51C62F93E494000C1F22 /* Models */,
				D0EB51C72F93E4A6000C1F22 /* Views */,
				D0EB51C82F93E4BE000C1F22 /* ViewModels */,
				D0EB51C92F93E4CC000C1F22 /* Services */,
				D0EB51CA2F93E4DA000C1F22 /* Repositories */,
				D0EB51CB2F93E4E7000C1F22 /* Utils */,
				D0EB51CC2F93E4F2000C1F22 /* Resources */,
			);
			name = Maply;
			packageProductDependencies = (
			);
			productName = Maply;
			productReference = D0EB519B2F93E2EF000C1F22 /* Maply.app */;
			productType = "com.apple.product-type.application";
		};
		D0EB51A72F93E2EF000C1F22 /* MaplyTests */ = {
			isa = PBXNativeTarget;
			buildConfigurationList = D0EB51BF2F93E2EF000C1F22 /* Build configuration list for PBXNativeTarget "MaplyTests" */;
			buildPhases = (
				D0EB51A42F93E2EF000C1F22 /* Sources */,
				D0EB51A52F93E2EF000C1F22 /* Frameworks */,
				D0EB51A62F93E2EF000C1F22 /* Resources */,
			);
			buildRules = (
			);
			dependencies = (
				D0EB51AA2F93E2EF000C1F22 /* PBXTargetDependency */,
			);
			fileSystemSynchronizedGroups = (
				D0EB51AB2F93E2EF000C1F22 /* MaplyTests */,
			);
			name = MaplyTests;
			packageProductDependencies = (
			);
			productName = MaplyTests;
			productReference = D0EB51A82F93E2EF000C1F22 /* MaplyTests.xctest */;
			productType = "com.apple.product-type.bundle.unit-test";
		};
		D0EB51B12F93E2EF000C1F22 /* MaplyUITests */ = {
			isa = PBXNativeTarget;
			buildConfigurationList = D0EB51C22F93E2EF000C1F22 /* Build configuration list for PBXNativeTarget "MaplyUITests" */;
			buildPhases = (
				D0EB51AE2F93E2EF000C1F22 /* Sources */,
				D0EB51AF2F93E2EF000C1F22 /* Frameworks */,
				D0EB51B02F93E2EF000C1F22 /* Resources */,
			);
			buildRules = (
			);
			dependencies = (
				D0EB51B42F93E2EF000C1F22 /* PBXTargetDependency */,
			);
			fileSystemSynchronizedGroups = (
				D0EB51B52F93E2EF000C1F22 /* MaplyUITests */,
			);
			name = MaplyUITests;
			packageProductDependencies = (
			);
			productName = MaplyUITests;
			productReference = D0EB51B22F93E2EF000C1F22 /* MaplyUITests.xctest */;
			productType = "com.apple.product-type.bundle.ui-testing";
		};
/* End PBXNativeTarget section */

/* Begin PBXProject section */
		D0EB51932F93E2EE000C1F22 /* Project object */ = {
			isa = PBXProject;
			attributes = {
				BuildIndependentTargetsInParallel = 1;
				LastSwiftUpdateCheck = 2640;
				LastUpgradeCheck = 2640;
				TargetAttributes = {
					D0EB519A2F93E2EF000C1F22 = {
						CreatedOnToolsVersion = 26.4;
					};
					D0EB51A72F93E2EF000C1F22 = {
						CreatedOnToolsVersion = 26.4;
						TestTargetID = D0EB519A2F93E2EF000C1F22;
					};
					D0EB51B12F93E2EF000C1F22 = {
						CreatedOnToolsVersion = 26.4;
						TestTargetID = D0EB519A2F93E2EF000C1F22;
					};
				};
			};
			buildConfigurationList = D0EB51962F93E2EE000C1F22 /* Build configuration list for PBXProject "Maply" */;
			developmentRegion = en;
			hasScannedForEncodings = 0;
			knownRegions = (
				en,
				Base,
			);
			mainGroup = D0EB51922F93E2EE000C1F22;
			minimizedProjectReferenceProxies = 1;
			preferredProjectObjectVersion = 77;
			productRefGroup = D0EB519C2F93E2EF000C1F22 /* Products */;
			projectDirPath = "";
			projectRoot = "";
			targets = (
				D0EB519A2F93E2EF000C1F22 /* Maply */,
				D0EB51A72F93E2EF000C1F22 /* MaplyTests */,
				D0EB51B12F93E2EF000C1F22 /* MaplyUITests */,
			);
		};
/* End PBXProject section */

/* Begin PBXResourcesBuildPhase section */
		D0EB51992F93E2EF000C1F22 /* Resources */ = {
			isa = PBXResourcesBuildPhase;
			buildActionMask = 2147483647;
			files = (
			);
			runOnlyForDeploymentPostprocessing = 0;
		};
		D0EB51A62F93E2EF000C1F22 /* Resources */ = {
			isa = PBXResourcesBuildPhase;
			buildActionMask = 2147483647;
			files = (
			);
			runOnlyForDeploymentPostprocessing = 0;
		};
		D0EB51B02F93E2EF000C1F22 /* Resources */ = {
			isa = PBXResourcesBuildPhase;
			buildActionMask = 2147483647;
			files = (
			);
			runOnlyForDeploymentPostprocessing = 0;
		};
/* End PBXResourcesBuildPhase section */

/* Begin PBXSourcesBuildPhase section */
		D0EB51972F93E2EF000C1F22 /* Sources */ = {
			isa = PBXSourcesBuildPhase;
			buildActionMask = 2147483647;
			files = (
			);
			runOnlyForDeploymentPostprocessing = 0;
		};
		D0EB51A42F93E2EF000C1F22 /* Sources */ = {
			isa = PBXSourcesBuildPhase;
			buildActionMask = 2147483647;
			files = (
			);
			runOnlyForDeploymentPostprocessing = 0;
		};
		D0EB51AE2F93E2EF000C1F22 /* Sources */ = {
			isa = PBXSourcesBuildPhase;
			buildActionMask = 2147483647;
			files = (
			);
			runOnlyForDeploymentPostprocessing = 0;
		};
/* End PBXSourcesBuildPhase section */

/* Begin PBXTargetDependency section */
		D0EB51AA2F93E2EF000C1F22 /* PBXTargetDependency */ = {
			isa = PBXTargetDependency;
			target = D0EB519A2F93E2EF000C1F22 /* Maply */;
			targetProxy = D0EB51A92F93E2EF000C1F22 /* PBXContainerItemProxy */;
		};
		D0EB51B42F93E2EF000C1F22 /* PBXTargetDependency */ = {
			isa = PBXTargetDependency;
			target = D0EB519A2F93E2EF000C1F22 /* Maply */;
			targetProxy = D0EB51B32F93E2EF000C1F22 /* PBXContainerItemProxy */;
		};
/* End PBXTargetDependency section */

/* Begin XCBuildConfiguration section */
		D0EB51BA2F93E2EF000C1F22 /* Debug */ = {
			isa = XCBuildConfiguration;
			buildSettings = {
				ALWAYS_SEARCH_USER_PATHS = NO;
				ASSETCATALOG_COMPILER_GENERATE_SWIFT_ASSET_SYMBOL_EXTENSIONS = YES;
				CLANG_ANALYZER_NONNULL = YES;
				CLANG_ANALYZER_NUMBER_OBJECT_CONVERSION = YES_AGGRESSIVE;
				CLANG_CXX_LANGUAGE_STANDARD = "gnu++20";
				CLANG_ENABLE_MODULES = YES;
				CLANG_ENABLE_OBJC_ARC = YES;
				CLANG_ENABLE_OBJC_WEAK = YES;
				CLANG_WARN_BLOCK_CAPTURE_AUTORELEASING = YES;
				CLANG_WARN_BOOL_CONVERSION = YES;
				CLANG_WARN_COMMA = YES;
				CLANG_WARN_CONSTANT_CONVERSION = YES;
				CLANG_WARN_DEPRECATED_OBJC_IMPLEMENTATIONS = YES;
				CLANG_WARN_DIRECT_OBJC_ISA_USAGE = YES_ERROR;
				CLANG_WARN_DOCUMENTATION_COMMENTS = YES;
				CLANG_WARN_EMPTY_BODY = YES;
				CLANG_WARN_ENUM_CONVERSION = YES;
				CLANG_WARN_INFINITE_RECURSION = YES;
				CLANG_WARN_INT_CONVERSION = YES;
				CLANG_WARN_NON_LITERAL_NULL_CONVERSION = YES;
				CLANG_WARN_OBJC_IMPLICIT_RETAIN_SELF = YES;
				CLANG_WARN_OBJC_LITERAL_CONVERSION = YES;
				CLANG_WARN_OBJC_ROOT_CLASS = YES_ERROR;
				CLANG_WARN_QUOTED_INCLUDE_IN_FRAMEWORK_HEADER = YES;
				CLANG_WARN_RANGE_LOOP_ANALYSIS = YES;
				CLANG_WARN_STRICT_PROTOTYPES = YES;
				CLANG_WARN_SUSPICIOUS_MOVE = YES;
				CLANG_WARN_UNGUARDED_AVAILABILITY = YES_AGGRESSIVE;
				CLANG_WARN_UNREACHABLE_CODE = YES;
				CLANG_WARN__DUPLICATE_METHOD_MATCH = YES;
				COPY_PHASE_STRIP = NO;
				DEBUG_INFORMATION_FORMAT = dwarf;
				ENABLE_STRICT_OBJC_MSGSEND = YES;
				ENABLE_TESTABILITY = YES;
				ENABLE_USER_SCRIPT_SANDBOXING = YES;
				GCC_C_LANGUAGE_STANDARD = gnu17;
				GCC_DYNAMIC_NO_PIC = NO;
				GCC_NO_COMMON_BLOCKS = YES;
				GCC_OPTIMIZATION_LEVEL = 0;
				GCC_PREPROCESSOR_DEFINITIONS = (
					"DEBUG=1",
					"$(inherited)",
				);
				GCC_WARN_64_TO_32_BIT_CONVERSION = YES;
				GCC_WARN_ABOUT_RETURN_TYPE = YES_ERROR;
				GCC_WARN_UNDECLARED_SELECTOR = YES;
				GCC_WARN_UNINITIALIZED_AUTOS = YES_AGGRESSIVE;
				GCC_WARN_UNUSED_FUNCTION = YES;
				GCC_WARN_UNUSED_VARIABLE = YES;
				IPHONEOS_DEPLOYMENT_TARGET = 26.4;
				LOCALIZATION_PREFERS_STRING_CATALOGS = YES;
				MTL_ENABLE_DEBUG_INFO = INCLUDE_SOURCE;
				MTL_FAST_MATH = YES;
				ONLY_ACTIVE_ARCH = YES;
				SDKROOT = iphoneos;
				SWIFT_ACTIVE_COMPILATION_CONDITIONS = "DEBUG $(inherited)";
				SWIFT_OPTIMIZATION_LEVEL = "-Onone";
			};
			name = Debug;
		};
		D0EB51BB2F93E2EF000C1F22 /* Release */ = {
			isa = XCBuildConfiguration;
			buildSettings = {
				ALWAYS_SEARCH_USER_PATHS = NO;
				ASSETCATALOG_COMPILER_GENERATE_SWIFT_ASSET_SYMBOL_EXTENSIONS = YES;
				CLANG_ANALYZER_NONNULL = YES;
				CLANG_ANALYZER_NUMBER_OBJECT_CONVERSION = YES_AGGRESSIVE;
				CLANG_CXX_LANGUAGE_STANDARD = "gnu++20";
				CLANG_ENABLE_MODULES = YES;
				CLANG_ENABLE_OBJC_ARC = YES;
				CLANG_ENABLE_OBJC_WEAK = YES;
				CLANG_WARN_BLOCK_CAPTURE_AUTORELEASING = YES;
				CLANG_WARN_BOOL_CONVERSION = YES;
				CLANG_WARN_COMMA = YES;
				CLANG_WARN_CONSTANT_CONVERSION = YES;
				CLANG_WARN_DEPRECATED_OBJC_IMPLEMENTATIONS = YES;
				CLANG_WARN_DIRECT_OBJC_ISA_USAGE = YES_ERROR;
				CLANG_WARN_DOCUMENTATION_COMMENTS = YES;
				CLANG_WARN_EMPTY_BODY = YES;
				CLANG_WARN_ENUM_CONVERSION = YES;
				CLANG_WARN_INFINITE_RECURSION = YES;
				CLANG_WARN_INT_CONVERSION = YES;
				CLANG_WARN_NON_LITERAL_NULL_CONVERSION = YES;
				CLANG_WARN_OBJC_IMPLICIT_RETAIN_SELF = YES;
				CLANG_WARN_OBJC_LITERAL_CONVERSION = YES;
				CLANG_WARN_OBJC_ROOT_CLASS = YES_ERROR;
				CLANG_WARN_QUOTED_INCLUDE_IN_FRAMEWORK_HEADER = YES;
				CLANG_WARN_RANGE_LOOP_ANALYSIS = YES;
				CLANG_WARN_STRICT_PROTOTYPES = YES;
				CLANG_WARN_SUSPICIOUS_MOVE = YES;
				CLANG_WARN_UNGUARDED_AVAILABILITY = YES_AGGRESSIVE;
				CLANG_WARN_UNREACHABLE_CODE = YES;
				CLANG_WARN__DUPLICATE_METHOD_MATCH = YES;
				COPY_PHASE_STRIP = NO;
				DEBUG_INFORMATION_FORMAT = "dwarf-with-dsym";
				ENABLE_NS_ASSERTIONS = NO;
				ENABLE_STRICT_OBJC_MSGSEND = YES;
				ENABLE_USER_SCRIPT_SANDBOXING = YES;
				GCC_C_LANGUAGE_STANDARD = gnu17;
				GCC_NO_COMMON_BLOCKS = YES;
				GCC_WARN_64_TO_32_BIT_CONVERSION = YES;
				GCC_WARN_ABOUT_RETURN_TYPE = YES_ERROR;
				GCC_WARN_UNDECLARED_SELECTOR = YES;
				GCC_WARN_UNINITIALIZED_AUTOS = YES_AGGRESSIVE;
				GCC_WARN_UNUSED_FUNCTION = YES;
				GCC_WARN_UNUSED_VARIABLE = YES;
				IPHONEOS_DEPLOYMENT_TARGET = 26.4;
				LOCALIZATION_PREFERS_STRING_CATALOGS = YES;
				MTL_ENABLE_DEBUG_INFO = NO;
				MTL_FAST_MATH = YES;
				SDKROOT = iphoneos;
				SWIFT_COMPILATION_MODE = wholemodule;
				VALIDATE_PRODUCT = YES;
			};
			name = Release;
		};
		D0EB51BD2F93E2EF000C1F22 /* Debug */ = {
			isa = XCBuildConfiguration;
			buildSettings = {
				ASSETCATALOG_COMPILER_APPICON_NAME = AppIcon;
				ASSETCATALOG_COMPILER_GLOBAL_ACCENT_COLOR_NAME = AccentColor;
				CODE_SIGN_STYLE = Automatic;
				CURRENT_PROJECT_VERSION = 1;
				ENABLE_PREVIEWS = YES;
				GENERATE_INFOPLIST_FILE = YES;
				INFOPLIST_KEY_UIApplicationSceneManifest_Generation = YES;
				INFOPLIST_KEY_UIApplicationSupportsIndirectInputEvents = YES;
				INFOPLIST_KEY_UILaunchScreen_Generation = YES;
				INFOPLIST_KEY_UISupportedInterfaceOrientations_iPad = "UIInterfaceOrientationPortrait UIInterfaceOrientationPortraitUpsideDown UIInterfaceOrientationLandscapeLeft UIInterfaceOrientationLandscapeRight";
				INFOPLIST_KEY_UISupportedInterfaceOrientations_iPhone = "UIInterfaceOrientationPortrait UIInterfaceOrientationLandscapeLeft UIInterfaceOrientationLandscapeRight";
				LD_RUNPATH_SEARCH_PATHS = (
					"$(inherited)",
					"@executable_path/Frameworks",
				);
				MARKETING_VERSION = 1.0;
				PRODUCT_BUNDLE_IDENTIFIER = com.wildev.Maply;
				PRODUCT_NAME = "$(TARGET_NAME)";
				STRING_CATALOG_GENERATE_SYMBOLS = YES;
				SWIFT_APPROACHABLE_CONCURRENCY = YES;
				SWIFT_DEFAULT_ACTOR_ISOLATION = MainActor;
				SWIFT_EMIT_LOC_STRINGS = YES;
				SWIFT_UPCOMING_FEATURE_MEMBER_IMPORT_VISIBILITY = YES;
				SWIFT_VERSION = 5.0;
				TARGETED_DEVICE_FAMILY = "1,2";
			};
			name = Debug;
		};
		D0EB51BE2F93E2EF000C1F22 /* Release */ = {
			isa = XCBuildConfiguration;
			buildSettings = {
				ASSETCATALOG_COMPILER_APPICON_NAME = AppIcon;
				ASSETCATALOG_COMPILER_GLOBAL_ACCENT_COLOR_NAME = AccentColor;
				CODE_SIGN_STYLE = Automatic;
				CURRENT_PROJECT_VERSION = 1;
				ENABLE_PREVIEWS = YES;
				GENERATE_INFOPLIST_FILE = YES;
				INFOPLIST_KEY_UIApplicationSceneManifest_Generation = YES;
				INFOPLIST_KEY_UIApplicationSupportsIndirectInputEvents = YES;
				INFOPLIST_KEY_UILaunchScreen_Generation = YES;
				INFOPLIST_KEY_UISupportedInterfaceOrientations_iPad = "UIInterfaceOrientationPortrait UIInterfaceOrientationPortraitUpsideDown UIInterfaceOrientationLandscapeLeft UIInterfaceOrientationLandscapeRight";
				INFOPLIST_KEY_UISupportedInterfaceOrientations_iPhone = "UIInterfaceOrientationPortrait UIInterfaceOrientationLandscapeLeft UIInterfaceOrientationLandscapeRight";
				LD_RUNPATH_SEARCH_PATHS = (
					"$(inherited)",
					"@executable_path/Frameworks",
				);
				MARKETING_VERSION = 1.0;
				PRODUCT_BUNDLE_IDENTIFIER = com.wildev.Maply;
				PRODUCT_NAME = "$(TARGET_NAME)";
				STRING_CATALOG_GENERATE_SYMBOLS = YES;
				SWIFT_APPROACHABLE_CONCURRENCY = YES;
				SWIFT_DEFAULT_ACTOR_ISOLATION = MainActor;
				SWIFT_EMIT_LOC_STRINGS = YES;
				SWIFT_UPCOMING_FEATURE_MEMBER_IMPORT_VISIBILITY = YES;
				SWIFT_VERSION = 5.0;
				TARGETED_DEVICE_FAMILY = "1,2";
			};
			name = Release;
		};
		D0EB51C02F93E2EF000C1F22 /* Debug */ = {
			isa = XCBuildConfiguration;
			buildSettings = {
				BUNDLE_LOADER = "$(TEST_HOST)";
				CODE_SIGN_STYLE = Automatic;
				CURRENT_PROJECT_VERSION = 1;
				GENERATE_INFOPLIST_FILE = YES;
				IPHONEOS_DEPLOYMENT_TARGET = 26.4;
				MARKETING_VERSION = 1.0;
				PRODUCT_BUNDLE_IDENTIFIER = com.wildev.MaplyTests;
				PRODUCT_NAME = "$(TARGET_NAME)";
				STRING_CATALOG_GENERATE_SYMBOLS = NO;
				SWIFT_APPROACHABLE_CONCURRENCY = YES;
				SWIFT_EMIT_LOC_STRINGS = NO;
				SWIFT_UPCOMING_FEATURE_MEMBER_IMPORT_VISIBILITY = YES;
				SWIFT_VERSION = 5.0;
				TARGETED_DEVICE_FAMILY = "1,2";
				TEST_HOST = "$(BUILT_PRODUCTS_DIR)/Maply.app/$(BUNDLE_EXECUTABLE_FOLDER_PATH)/Maply";
			};
			name = Debug;
		};
		D0EB51C12F93E2EF000C1F22 /* Release */ = {
			isa = XCBuildConfiguration;
			buildSettings = {
				BUNDLE_LOADER = "$(TEST_HOST)";
				CODE_SIGN_STYLE = Automatic;
				CURRENT_PROJECT_VERSION = 1;
				GENERATE_INFOPLIST_FILE = YES;
				IPHONEOS_DEPLOYMENT_TARGET = 26.4;
				MARKETING_VERSION = 1.0;
				PRODUCT_BUNDLE_IDENTIFIER = com.wildev.MaplyTests;
				PRODUCT_NAME = "$(TARGET_NAME)";
				STRING_CATALOG_GENERATE_SYMBOLS = NO;
				SWIFT_APPROACHABLE_CONCURRENCY = YES;
				SWIFT_EMIT_LOC_STRINGS = NO;
				SWIFT_UPCOMING_FEATURE_MEMBER_IMPORT_VISIBILITY = YES;
				SWIFT_VERSION = 5.0;
				TARGETED_DEVICE_FAMILY = "1,2";
				TEST_HOST = "$(BUILT_PRODUCTS_DIR)/Maply.app/$(BUNDLE_EXECUTABLE_FOLDER_PATH)/Maply";
			};
			name = Release;
		};
		D0EB51C32F93E2EF000C1F22 /* Debug */ = {
			isa = XCBuildConfiguration;
			buildSettings = {
				CODE_SIGN_STYLE = Automatic;
				CURRENT_PROJECT_VERSION = 1;
				GENERATE_INFOPLIST_FILE = YES;
				MARKETING_VERSION = 1.0;
				PRODUCT_BUNDLE_IDENTIFIER = com.wildev.MaplyUITests;
				PRODUCT_NAME = "$(TARGET_NAME)";
				STRING_CATALOG_GENERATE_SYMBOLS = NO;
				SWIFT_APPROACHABLE_CONCURRENCY = YES;
				SWIFT_EMIT_LOC_STRINGS = NO;
				SWIFT_UPCOMING_FEATURE_MEMBER_IMPORT_VISIBILITY = YES;
				SWIFT_VERSION = 5.0;
				TARGETED_DEVICE_FAMILY = "1,2";
				TEST_TARGET_NAME = Maply;
			};
			name = Debug;
		};
		D0EB51C42F93E2EF000C1F22 /* Release */ = {
			isa = XCBuildConfiguration;
			buildSettings = {
				CODE_SIGN_STYLE = Automatic;
				CURRENT_PROJECT_VERSION = 1;
				GENERATE_INFOPLIST_FILE = YES;
				MARKETING_VERSION = 1.0;
				PRODUCT_BUNDLE_IDENTIFIER = com.wildev.MaplyUITests;
				PRODUCT_NAME = "$(TARGET_NAME)";
				STRING_CATALOG_GENERATE_SYMBOLS = NO;
				SWIFT_APPROACHABLE_CONCURRENCY = YES;
				SWIFT_EMIT_LOC_STRINGS = NO;
				SWIFT_UPCOMING_FEATURE_MEMBER_IMPORT_VISIBILITY = YES;
				SWIFT_VERSION = 5.0;
				TARGETED_DEVICE_FAMILY = "1,2";
				TEST_TARGET_NAME = Maply;
			};
			name = Release;
		};
/* End XCBuildConfiguration section */

/* Begin XCConfigurationList section */
		D0EB51962F93E2EE000C1F22 /* Build configuration list for PBXProject "Maply" */ = {
			isa = XCConfigurationList;
			buildConfigurations = (
				D0EB51BA2F93E2EF000C1F22 /* Debug */,
				D0EB51BB2F93E2EF000C1F22 /* Release */,
			);
			defaultConfigurationIsVisible = 0;
			defaultConfigurationName = Release;
		};
		D0EB51BC2F93E2EF000C1F22 /* Build configuration list for PBXNativeTarget "Maply" */ = {
			isa = XCConfigurationList;
			buildConfigurations = (
				D0EB51BD2F93E2EF000C1F22 /* Debug */,
				D0EB51BE2F93E2EF000C1F22 /* Release */,
			);
			defaultConfigurationIsVisible = 0;
			defaultConfigurationName = Release;
		};
		D0EB51BF2F93E2EF000C1F22 /* Build configuration list for PBXNativeTarget "MaplyTests" */ = {
			isa = XCConfigurationList;
			buildConfigurations = (
				D0EB51C02F93E2EF000C1F22 /* Debug */,
				D0EB51C12F93E2EF000C1F22 /* Release */,
			);
			defaultConfigurationIsVisible = 0;
			defaultConfigurationName = Release;
		};
		D0EB51C22F93E2EF000C1F22 /* Build configuration list for PBXNativeTarget "MaplyUITests" */ = {
			isa = XCConfigurationList;
			buildConfigurations = (
				D0EB51C32F93E2EF000C1F22 /* Debug */,
				D0EB51C42F93E2EF000C1F22 /* Release */,
			);
			defaultConfigurationIsVisible = 0;
			defaultConfigurationName = Release;
		};
/* End XCConfigurationList section */
	};
	rootObject = D0EB51932F93E2EE000C1F22 /* Project object */;
}
